{
  "name": "ZKBlockMature",
  "lockfileVersion": 3,
  "requires": true,
  "packages": {
    "": {
      "dependencies": {
        "@types/snarkjs": "^0.7.8"
      }
    },
    "node_modules/@types/snarkjs": {
      "version": "0.7.8",
      "resolved": "https://registry.npmjs.org/@types/snarkjs/-/snarkjs-0.7.8.tgz",
      "integrity": "sha512-x37Jsv1vx6I6RMJdfvYEmDUOLYgzYMecwlk13gniDOcN20xLVe9hy9DlQxWeCPirqpDY/jwugQSqCi2RxehU3g=="
    }
  }
}
